
Microsoft Visual Studio Solution File, Format Version 12.00
# Visual Studio Version 16
VisualStudioVersion = 16.0.30804.86
MinimumVisualStudioVersion = 10.0.40219.1
Project("{FAE04EC0-301F-11D3-BF4B-00C04F79EFBC}") = "NEW RPSLS JAN 29", "NEW RPSLS JAN 29.csproj", "{DA975C30-EE1C-4DA7-A2B8-F6EF8CDE175A}"
EndProject
Global
	GlobalSection(SolutionConfigurationPlatforms) = preSolution
		Debug|Any CPU = Debug|Any CPU
		Release|Any CPU = Release|Any CPU
	EndGlobalSection
	GlobalSection(ProjectConfigurationPlatforms) = postSolution
		{DA975C30-EE1C-4DA7-A2B8-F6EF8CDE175A}.Debug|Any CPU.ActiveCfg = Debug|Any CPU
		{DA975C30-EE1C-4DA7-A2B8-F6EF8CDE175A}.Debug|Any CPU.Build.0 = Debug|Any CPU
		{DA975C30-EE1C-4DA7-A2B8-F6EF8CDE175A}.Release|Any CPU.ActiveCfg = Release|Any CPU
		{DA975C30-EE1C-4DA7-A2B8-F6EF8CDE175A}.Release|Any CPU.Build.0 = Release|Any CPU
	EndGlobalSection
	GlobalSection(SolutionProperties) = preSolution
		HideSolutionNode = FALSE
	EndGlobalSection
	GlobalSection(ExtensibilityGlobals) = postSolution
		SolutionGuid = {9E85C160-292B-4E19-A7B7-121B01B1C251}
	EndGlobalSection
EndGlobal
